PODS:
  - Realm (10.45.2):
    - Realm/Headers (= 10.45.2)
  - Realm/Headers (10.45.2)
  - RealmSwift (10.45.2):
    - Realm (= 10.45.2)
  - SVProgressHUD (2.3.1):
    - SVProgressHUD/Core (= 2.3.1)
  - SVProgressHUD/Core (2.3.1)

DEPENDENCIES:
  - RealmSwift (= 10.45.2)
  - SVProgressHUD (= 2.3.1)

SPEC REPOS:
  trunk:
    - Realm
    - RealmSwift
    - SVProgressHUD

SPEC CHECKSUMS:
  Realm: bc4fc31783a0b3e355edca05f167f6a49c544dc2
  RealmSwift: 234003b5fdb187c4b439d478662636d62a1f9de0
  SVProgressHUD: 4837c74bdfe2e51e8821c397825996a8d7de6e22

PODFILE CHECKSUM: 51d12659489959aa5c8386b1fe2871df93c3a4a9

COCOAPODS: 1.15.2
