// !$*UTF8*$!
{
	archiveVersion = 1;
	classes = {
	};
	objectVersion = 56;
	objects = {

/* Begin PBXBuildFile section */
		103B904A2CDB0B55001A5569 /* AppDelegate.swift in Sources */ = {isa = PBXBuildFile; fileRef = 103B90492CDB0B55001A5569 /* AppDelegate.swift */; };
		103B904C2CDB0B55001A5569 /* SceneDelegate.swift in Sources */ = {isa = PBXBuildFile; fileRef = 103B904B2CDB0B55001A5569 /* SceneDelegate.swift */; };
		103B904E2CDB0B55001A5569 /* ViewController.swift in Sources */ = {isa = PBXBuildFile; fileRef = 103B904D2CDB0B55001A5569 /* ViewController.swift */; };
		103B90512CDB0B55001A5569 /* Main.storyboard in Resources */ = {isa = PBXBuildFile; fileRef = 103B904F2CDB0B55001A5569 /* Main.storyboard */; };
		103B90532CDB0B56001A5569 /* Assets.xcassets in Resources */ = {isa = PBXBuildFile; fileRef = 103B90522CDB0B56001A5569 /* Assets.xcassets */; };
		103B90562CDB0B56001A5569 /* LaunchScreen.storyboard in Resources */ = {isa = PBXBuildFile; fileRef = 103B90542CDB0B56001A5569 /* LaunchScreen.storyboard */; };
		1068E43E2CDB48BC00137B7B /* Results.swift in Sources */ = {isa = PBXBuildFile; fileRef = 1068E43D2CDB48BC00137B7B /* Results.swift */; };
		1068E4402CDB540800137B7B /* HomeViewController.swift in Sources */ = {isa = PBXBuildFile; fileRef = 1068E43F2CDB540800137B7B /* HomeViewController.swift */; };
		1068E4422CDB561300137B7B /* RankingViewController.swift in Sources */ = {isa = PBXBuildFile; fileRef = 1068E4412CDB561300137B7B /* RankingViewController.swift */; };
		1068E4442CDB762A00137B7B /* CompanyInfoViewController.swift in Sources */ = {isa = PBXBuildFile; fileRef = 1068E4432CDB762A00137B7B /* CompanyInfoViewController.swift */; };
		10D476608B63D8E827424630 /* Pods_Jyanken.framework in Frameworks */ = {isa = PBXBuildFile; fileRef = 0D6060BD669CBED7B952D20D /* Pods_Jyanken.framework */; };
/* End PBXBuildFile section */

/* Begin PBXFileReference section */
		08603AEF2619674BFD1D36FE /* Pods-Jyanken.release.xcconfig */ = {isa = PBXFileReference; includeInIndex = 1; lastKnownFileType = text.xcconfig; name = "Pods-Jyanken.release.xcconfig"; path = "Target Support Files/Pods-Jyanken/Pods-Jyanken.release.xcconfig"; sourceTree = "<group>"; };
		0D6060BD669CBED7B952D20D /* Pods_Jyanken.framework */ = {isa = PBXFileReference; explicitFileType = wrapper.framework; includeInIndex = 0; path = Pods_Jyanken.framework; sourceTree = BUILT_PRODUCTS_DIR; };
		103B90462CDB0B55001A5569 /* Jyanken.app */ = {isa = PBXFileReference; explicitFileType = wrapper.application; includeInIndex = 0; path = Jyanken.app; sourceTree = BUILT_PRODUCTS_DIR; };
		103B90492CDB0B55001A5569 /* AppDelegate.swift */ = {isa = PBXFileReference; lastKnownFileType = sourcecode.swift; path = AppDelegate.swift; sourceTree = "<group>"; };
		103B904B2CDB0B55001A5569 /* SceneDelegate.swift */ = {isa = PBXFileReference; lastKnownFileType = sourcecode.swift; path = SceneDelegate.swift; sourceTree = "<group>"; };
		103B904D2CDB0B55001A5569 /* ViewController.swift */ = {isa = PBXFileReference; lastKnownFileType = sourcecode.swift; path = ViewController.swift; sourceTree = "<group>"; };
		103B90502CDB0B55001A5569 /* Base */ = {isa = PBXFileReference; lastKnownFileType = file.storyboard; name = Base; path = Base.lproj/Main.storyboard; sourceTree = "<group>"; };
		103B90522CDB0B56001A5569 /* Assets.xcassets */ = {isa = PBXFileReference; lastKnownFileType = folder.assetcatalog; path = Assets.xcassets; sourceTree = "<group>"; };
		103B90552CDB0B56001A5569 /* Base */ = {isa = PBXFileReference; lastKnownFileType = file.storyboard; name = Base; path = Base.lproj/LaunchScreen.storyboard; sourceTree = "<group>"; };
		103B90572CDB0B56001A5569 /* Info.plist */ = {isa = PBXFileReference; lastKnownFileType = text.plist.xml; path = Info.plist; sourceTree = "<group>"; };
		1068E43D2CDB48BC00137B7B /* Results.swift */ = {isa = PBXFileReference; lastKnownFileType = sourcecode.swift; path = Results.swift; sourceTree = "<group>"; };
		1068E43F2CDB540800137B7B /* HomeViewController.swift */ = {isa = PBXFileReference; lastKnownFileType = sourcecode.swift; path = HomeViewController.swift; sourceTree = "<group>"; };
		1068E4412CDB561300137B7B /* RankingViewController.swift */ = {isa = PBXFileReference; lastKnownFileType = sourcecode.swift; path = RankingViewController.swift; sourceTree = "<group>"; };
		1068E4432CDB762A00137B7B /* CompanyInfoViewController.swift */ = {isa = PBXFileReference; lastKnownFileType = sourcecode.swift; path = CompanyInfoViewController.swift; sourceTree = "<group>"; };
		E06BA97F09CA6AB27478B9E6 /* Pods-Jyanken.debug.xcconfig */ = {isa = PBXFileReference; includeInIndex = 1; lastKnownFileType = text.xcconfig; name = "Pods-Jyanken.debug.xcconfig"; path = "Target Support Files/Pods-Jyanken/Pods-Jyanken.debug.xcconfig"; sourceTree = "<group>"; };
/* End PBXFileReference section */

/* Begin PBXFrameworksBuildPhase section */
		103B90432CDB0B55001A5569 /* Frameworks */ = {
			isa = PBXFrameworksBuildPhase;
			buildActionMask = 2147483647;
			files = (
				10D476608B63D8E827424630 /* Pods_Jyanken.framework in Frameworks */,
			);
			runOnlyForDeploymentPostprocessing = 0;
		};
/* End PBXFrameworksBuildPhase section */

/* Begin PBXGroup section */
		103B903D2CDB0B55001A5569 = {
			isa = PBXGroup;
			children = (
				103B90482CDB0B55001A5569 /* Jyanken */,
				103B90472CDB0B55001A5569 /* Products */,
				B72ED527E22B8B3FB18A283A /* Pods */,
				212ACAB75B75E3E379487DB2 /* Frameworks */,
			);
			sourceTree = "<group>";
		};
		103B90472CDB0B55001A5569 /* Products */ = {
			isa = PBXGroup;
			children = (
				103B90462CDB0B55001A5569 /* Jyanken.app */,
			);
			name = Products;
			sourceTree = "<group>";
		};
		103B90482CDB0B55001A5569 /* Jyanken */ = {
			isa = PBXGroup;
			children = (
				103B90492CDB0B55001A5569 /* AppDelegate.swift */,
				103B904B2CDB0B55001A5569 /* SceneDelegate.swift */,
				103B904D2CDB0B55001A5569 /* ViewController.swift */,
				1068E43F2CDB540800137B7B /* HomeViewController.swift */,
				1068E4412CDB561300137B7B /* RankingViewController.swift */,
				1068E4432CDB762A00137B7B /* CompanyInfoViewController.swift */,
				1068E43D2CDB48BC00137B7B /* Results.swift */,
				103B904F2CDB0B55001A5569 /* Main.storyboard */,
				103B90522CDB0B56001A5569 /* Assets.xcassets */,
				103B90542CDB0B56001A5569 /* LaunchScreen.storyboard */,
				103B90572CDB0B56001A5569 /* Info.plist */,
			);
			path = Jyanken;
			sourceTree = "<group>";
		};
		212ACAB75B75E3E379487DB2 /* Frameworks */ = {
			isa = PBXGroup;
			children = (
				0D6060BD669CBED7B952D20D /* Pods_Jyanken.framework */,
			);
			name = Frameworks;
			sourceTree = "<group>";
		};
		B72ED527E22B8B3FB18A283A /* Pods */ = {
			isa = PBXGroup;
			children = (
				E06BA97F09CA6AB27478B9E6 /* Pods-Jyanken.debug.xcconfig */,
				08603AEF2619674BFD1D36FE /* Pods-Jyanken.release.xcconfig */,
			);
			path = Pods;
			sourceTree = "<group>";
		};
/* End PBXGroup section */

/* Begin PBXNativeTarget section */
		103B90452CDB0B55001A5569 /* Jyanken */ = {
			isa = PBXNativeTarget;
			buildConfigurationList = 103B905A2CDB0B56001A5569 /* Build configuration list for PBXNativeTarget "Jyanken" */;
			buildPhases = (
				DAE33E3A23AEA2EB68208599 /* [CP] Check Pods Manifest.lock */,
				103B90422CDB0B55001A5569 /* Sources */,
				103B90432CDB0B55001A5569 /* Frameworks */,
				103B90442CDB0B55001A5569 /* Resources */,
				1C9ECFBA04A863067BEC6E95 /* [CP] Embed Pods Frameworks */,
			);
			buildRules = (
			);
			dependencies = (
			);
			name = Jyanken;
			productName = Jyanken;
			productReference = 103B90462CDB0B55001A5569 /* Jyanken.app */;
			productType = "com.apple.product-type.application";
		};
/* End PBXNativeTarget section */

/* Begin PBXProject section */
		103B903E2CDB0B55001A5569 /* Project object */ = {
			isa = PBXProject;
			attributes = {
				BuildIndependentTargetsInParallel = 1;
				LastSwiftUpdateCheck = 1510;
				LastUpgradeCheck = 1510;
				TargetAttributes = {
					103B90452CDB0B55001A5569 = {
						CreatedOnToolsVersion = 15.1;
					};
				};
			};
			buildConfigurationList = 103B90412CDB0B55001A5569 /* Build configuration list for PBXProject "Jyanken" */;
			compatibilityVersion = "Xcode 14.0";
			developmentRegion = en;
			hasScannedForEncodings = 0;
			knownRegions = (
				en,
				Base,
			);
			mainGroup = 103B903D2CDB0B55001A5569;
			productRefGroup = 103B90472CDB0B55001A5569 /* Products */;
			projectDirPath = "";
			projectRoot = "";
			targets = (
				103B90452CDB0B55001A5569 /* Jyanken */,
			);
		};
/* End PBXProject section */

/* Begin PBXResourcesBuildPhase section */
		103B90442CDB0B55001A5569 /* Resources */ = {
			isa = PBXResourcesBuildPhase;
			buildActionMask = 2147483647;
			files = (
				103B90562CDB0B56001A5569 /* LaunchScreen.storyboard in Resources */,
				103B90532CDB0B56001A5569 /* Assets.xcassets in Resources */,
				103B90512CDB0B55001A5569 /* Main.storyboard in Resources */,
			);
			runOnlyForDeploymentPostprocessing = 0;
		};
/* End PBXResourcesBuildPhase section */

/* Begin PBXShellScriptBuildPhase section */
		1C9ECFBA04A863067BEC6E95 /* [CP] Embed Pods Frameworks */ = {
			isa = PBXShellScriptBuildPhase;
			buildActionMask = 2147483647;
			files = (
			);
			inputFileListPaths = (
				"${PODS_ROOT}/Target Support Files/Pods-Jyanken/Pods-Jyanken-frameworks-${CONFIGURATION}-input-files.xcfilelist",
			);
			name = "[CP] Embed Pods Frameworks";
			outputFileListPaths = (
				"${PODS_ROOT}/Target Support Files/Pods-Jyanken/Pods-Jyanken-frameworks-${CONFIGURATION}-output-files.xcfilelist",
			);
			runOnlyForDeploymentPostprocessing = 0;
			shellPath = /bin/sh;
			shellScript = "\"${PODS_ROOT}/Target Support Files/Pods-Jyanken/Pods-Jyanken-frameworks.sh\"\n";
			showEnvVarsInLog = 0;
		};
		DAE33E3A23AEA2EB68208599 /* [CP] Check Pods Manifest.lock */ = {
			isa = PBXShellScriptBuildPhase;
			buildActionMask = 2147483647;
			files = (
			);
			inputFileListPaths = (
			);
			inputPaths = (
				"${PODS_PODFILE_DIR_PATH}/Podfile.lock",
				"${PODS_ROOT}/Manifest.lock",
			);
			name = "[CP] Check Pods Manifest.lock";
			outputFileListPaths = (
			);
			outputPaths = (
				"$(DERIVED_FILE_DIR)/Pods-Jyanken-checkManifestLockResult.txt",
			);
			runOnlyForDeploymentPostprocessing = 0;
			shellPath = /bin/sh;
			shellScript = "diff \"${PODS_PODFILE_DIR_PATH}/Podfile.lock\" \"${PODS_ROOT}/Manifest.lock\" > /dev/null\nif [ $? != 0 ] ; then\n    # print error to STDERR\n    echo \"error: The sandbox is not in sync with the Podfile.lock. Run 'pod install' or update your CocoaPods installation.\" >&2\n    exit 1\nfi\n# This output is used by Xcode 'outputs' to avoid re-running this script phase.\necho \"SUCCESS\" > \"${SCRIPT_OUTPUT_FILE_0}\"\n";
			showEnvVarsInLog = 0;
		};
/* End PBXShellScriptBuildPhase section */

/* Begin PBXSourcesBuildPhase section */
		103B90422CDB0B55001A5569 /* Sources */ = {
			isa = PBXSourcesBuildPhase;
			buildActionMask = 2147483647;
			files = (
				1068E4402CDB540800137B7B /* HomeViewController.swift in Sources */,
				103B904E2CDB0B55001A5569 /* ViewController.swift in Sources */,
				103B904A2CDB0B55001A5569 /* AppDelegate.swift in Sources */,
				1068E43E2CDB48BC00137B7B /* Results.swift in Sources */,
				1068E4442CDB762A00137B7B /* CompanyInfoViewController.swift in Sources */,
				103B904C2CDB0B55001A5569 /* SceneDelegate.swift in Sources */,
				1068E4422CDB561300137B7B /* RankingViewController.swift in Sources */,
			);
			runOnlyForDeploymentPostprocessing = 0;
		};
/* End PBXSourcesBuildPhase section */

/* Begin PBXVariantGroup section */
		103B904F2CDB0B55001A5569 /* Main.storyboard */ = {
			isa = PBXVariantGroup;
			children = (
				103B90502CDB0B55001A5569 /* Base */,
			);
			name = Main.storyboard;
			sourceTree = "<group>";
		};
		103B90542CDB0B56001A5569 /* LaunchScreen.storyboard */ = {
			isa = PBXVariantGroup;
			children = (
				103B90552CDB0B56001A5569 /* Base */,
			);
			name = LaunchScreen.storyboard;
			sourceTree = "<group>";
		};
/* End PBXVariantGroup section */

/* Begin XCBuildConfiguration section */
		103B90582CDB0B56001A5569 /* Debug */ = {
			isa = XCBuildConfiguration;
			buildSettings = {
				ALWAYS_SEARCH_USER_PATHS = NO;
				ASSETCATALOG_COMPILER_GENERATE_SWIFT_ASSET_SYMBOL_EXTENSIONS = YES;
				CLANG_ANALYZER_NONNULL = YES;
				CLANG_ANALYZER_NUMBER_OBJECT_CONVERSION = YES_AGGRESSIVE;
				CLANG_CXX_LANGUAGE_STANDARD = "gnu++20";
				CLANG_ENABLE_MODULES = YES;
				CLANG_ENABLE_OBJC_ARC = YES;
				CLANG_ENABLE_OBJC_WEAK = YES;
				CLANG_WARN_BLOCK_CAPTURE_AUTORELEASING = YES;
				CLANG_WARN_BOOL_CONVERSION = YES;
				CLANG_WARN_COMMA = YES;
				CLANG_WARN_CONSTANT_CONVERSION = YES;
				CLANG_WARN_DEPRECATED_OBJC_IMPLEMENTATIONS = YES;
				CLANG_WARN_DIRECT_OBJC_ISA_USAGE = YES_ERROR;
				CLANG_WARN_DOCUMENTATION_COMMENTS = YES;
				CLANG_WARN_EMPTY_BODY = YES;
				CLANG_WARN_ENUM_CONVERSION = YES;
				CLANG_WARN_INFINITE_RECURSION = YES;
				CLANG_WARN_INT_CONVERSION = YES;
				CLANG_WARN_NON_LITERAL_NULL_CONVERSION = YES;
				CLANG_WARN_OBJC_IMPLICIT_RETAIN_SELF = YES;
				CLANG_WARN_OBJC_LITERAL_CONVERSION = YES;
				CLANG_WARN_OBJC_ROOT_CLASS = YES_ERROR;
				CLANG_WARN_QUOTED_INCLUDE_IN_FRAMEWORK_HEADER = YES;
				CLANG_WARN_RANGE_LOOP_ANALYSIS = YES;
				CLANG_WARN_STRICT_PROTOTYPES = YES;
				CLANG_WARN_SUSPICIOUS_MOVE = YES;
				CLANG_WARN_UNGUARDED_AVAILABILITY = YES_AGGRESSIVE;
				CLANG_WARN_UNREACHABLE_CODE = YES;
				CLANG_WARN__DUPLICATE_METHOD_MATCH = YES;
				COPY_PHASE_STRIP = NO;
				DEBUG_INFORMATION_FORMAT = dwarf;
				ENABLE_STRICT_OBJC_MSGSEND = YES;
				ENABLE_TESTABILITY = YES;
				ENABLE_USER_SCRIPT_SANDBOXING = NO;
				GCC_C_LANGUAGE_STANDARD = gnu17;
				GCC_DYNAMIC_NO_PIC = NO;
				GCC_NO_COMMON_BLOCKS = YES;
				GCC_OPTIMIZATION_LEVEL = 0;
				GCC_PREPROCESSOR_DEFINITIONS = (
					"DEBUG=1",
					"$(inherited)",
				);
				GCC_WARN_64_TO_32_BIT_CONVERSION = YES;
				GCC_WARN_ABOUT_RETURN_TYPE = YES_ERROR;
				GCC_WARN_UNDECLARED_SELECTOR = YES;
				GCC_WARN_UNINITIALIZED_AUTOS = YES_AGGRESSIVE;
				GCC_WARN_UNUSED_FUNCTION = YES;
				GCC_WARN_UNUSED_VARIABLE = YES;
				IPHONEOS_DEPLOYMENT_TARGET = 17.2;
				LOCALIZATION_PREFERS_STRING_CATALOGS = YES;
				MTL_ENABLE_DEBUG_INFO = INCLUDE_SOURCE;
				MTL_FAST_MATH = YES;
				ONLY_ACTIVE_ARCH = YES;
				SDKROOT = iphoneos;
				SWIFT_ACTIVE_COMPILATION_CONDITIONS = "DEBUG $(inherited)";
				SWIFT_OPTIMIZATION_LEVEL = "-Onone";
			};
			name = Debug;
		};
		103B90592CDB0B56001A5569 /* Release */ = {
			isa = XCBuildConfiguration;
			buildSettings = {
				ALWAYS_SEARCH_USER_PATHS = NO;
				ASSETCATALOG_COMPILER_GENERATE_SWIFT_ASSET_SYMBOL_EXTENSIONS = YES;
				CLANG_ANALYZER_NONNULL = YES;
				CLANG_ANALYZER_NUMBER_OBJECT_CONVERSION = YES_AGGRESSIVE;
				CLANG_CXX_LANGUAGE_STANDARD = "gnu++20";
				CLANG_ENABLE_MODULES = YES;
				CLANG_ENABLE_OBJC_ARC = YES;
				CLANG_ENABLE_OBJC_WEAK = YES;
				CLANG_WARN_BLOCK_CAPTURE_AUTORELEASING = YES;
				CLANG_WARN_BOOL_CONVERSION = YES;
				CLANG_WARN_COMMA = YES;
				CLANG_WARN_CONSTANT_CONVERSION = YES;
				CLANG_WARN_DEPRECATED_OBJC_IMPLEMENTATIONS = YES;
				CLANG_WARN_DIRECT_OBJC_ISA_USAGE = YES_ERROR;
				CLANG_WARN_DOCUMENTATION_COMMENTS = YES;
				CLANG_WARN_EMPTY_BODY = YES;
				CLANG_WARN_ENUM_CONVERSION = YES;
				CLANG_WARN_INFINITE_RECURSION = YES;
				CLANG_WARN_INT_CONVERSION = YES;
				CLANG_WARN_NON_LITERAL_NULL_CONVERSION = YES;
				CLANG_WARN_OBJC_IMPLICIT_RETAIN_SELF = YES;
				CLANG_WARN_OBJC_LITERAL_CONVERSION = YES;
				CLANG_WARN_OBJC_ROOT_CLASS = YES_ERROR;
				CLANG_WARN_QUOTED_INCLUDE_IN_FRAMEWORK_HEADER = YES;
				CLANG_WARN_RANGE_LOOP_ANALYSIS = YES;
				CLANG_WARN_STRICT_PROTOTYPES = YES;
				CLANG_WARN_SUSPICIOUS_MOVE = YES;
				CLANG_WARN_UNGUARDED_AVAILABILITY = YES_AGGRESSIVE;
				CLANG_WARN_UNREACHABLE_CODE = YES;
				CLANG_WARN__DUPLICATE_METHOD_MATCH = YES;
				COPY_PHASE_STRIP = NO;
				DEBUG_INFORMATION_FORMAT = "dwarf-with-dsym";
				ENABLE_NS_ASSERTIONS = NO;
				ENABLE_STRICT_OBJC_MSGSEND = YES;
				ENABLE_USER_SCRIPT_SANDBOXING = NO;
				GCC_C_LANGUAGE_STANDARD = gnu17;
				GCC_NO_COMMON_BLOCKS = YES;
				GCC_WARN_64_TO_32_BIT_CONVERSION = YES;
				GCC_WARN_ABOUT_RETURN_TYPE = YES_ERROR;
				GCC_WARN_UNDECLARED_SELECTOR = YES;
				GCC_WARN_UNINITIALIZED_AUTOS = YES_AGGRESSIVE;
				GCC_WARN_UNUSED_FUNCTION = YES;
				GCC_WARN_UNUSED_VARIABLE = YES;
				IPHONEOS_DEPLOYMENT_TARGET = 17.2;
				LOCALIZATION_PREFERS_STRING_CATALOGS = YES;
				MTL_ENABLE_DEBUG_INFO = NO;
				MTL_FAST_MATH = YES;
				SDKROOT = iphoneos;
				SWIFT_COMPILATION_MODE = wholemodule;
				VALIDATE_PRODUCT = YES;
			};
			name = Release;
		};
		103B905B2CDB0B56001A5569 /* Debug */ = {
			isa = XCBuildConfiguration;
			baseConfigurationReference = E06BA97F09CA6AB27478B9E6 /* Pods-Jyanken.debug.xcconfig */;
			buildSettings = {
				ASSETCATALOG_COMPILER_APPICON_NAME = AppIcon;
				ASSETCATALOG_COMPILER_GLOBAL_ACCENT_COLOR_NAME = AccentColor;
				CODE_SIGN_STYLE = Automatic;
				CURRENT_PROJECT_VERSION = 1;
				GENERATE_INFOPLIST_FILE = YES;
				INFOPLIST_FILE = Jyanken/Info.plist;
				INFOPLIST_KEY_UIApplicationSupportsIndirectInputEvents = YES;
				INFOPLIST_KEY_UILaunchStoryboardName = LaunchScreen;
				INFOPLIST_KEY_UIMainStoryboardFile = Main;
				INFOPLIST_KEY_UISupportedInterfaceOrientations = UIInterfaceOrientationPortrait;
				INFOPLIST_KEY_UISupportedInterfaceOrientations_iPad = "UIInterfaceOrientationLandscapeLeft UIInterfaceOrientationLandscapeRight UIInterfaceOrientationPortrait UIInterfaceOrientationPortraitUpsideDown";
				LD_RUNPATH_SEARCH_PATHS = (
					"$(inherited)",
					"@executable_path/Frameworks",
				);
				MARKETING_VERSION = 1.0;
				PRODUCT_BUNDLE_IDENTIFIER = jp.techacademy.masaki.ebiko.Jyanken;
				PRODUCT_NAME = "$(TARGET_NAME)";
				SUPPORTED_PLATFORMS = "iphoneos iphonesimulator";
				SUPPORTS_MACCATALYST = NO;
				SUPPORTS_MAC_DESIGNED_FOR_IPHONE_IPAD = NO;
				SWIFT_EMIT_LOC_STRINGS = YES;
				SWIFT_VERSION = 5.0;
				TARGETED_DEVICE_FAMILY = 1;
			};
			name = Debug;
		};
		103B905C2CDB0B56001A5569 /* Release */ = {
			isa = XCBuildConfiguration;
			baseConfigurationReference = 08603AEF2619674BFD1D36FE /* Pods-Jyanken.release.xcconfig */;
			buildSettings = {
				ASSETCATALOG_COMPILER_APPICON_NAME = AppIcon;
				ASSETCATALOG_COMPILER_GLOBAL_ACCENT_COLOR_NAME = AccentColor;
				CODE_SIGN_STYLE = Automatic;
				CURRENT_PROJECT_VERSION = 1;
				GENERATE_INFOPLIST_FILE = YES;
				INFOPLIST_FILE = Jyanken/Info.plist;
				INFOPLIST_KEY_UIApplicationSupportsIndirectInputEvents = YES;
				INFOPLIST_KEY_UILaunchStoryboardName = LaunchScreen;
				INFOPLIST_KEY_UIMainStoryboardFile = Main;
				INFOPLIST_KEY_UISupportedInterfaceOrientations = UIInterfaceOrientationPortrait;
				INFOPLIST_KEY_UISupportedInterfaceOrientations_iPad = "UIInterfaceOrientationLandscapeLeft UIInterfaceOrientationLandscapeRight UIInterfaceOrientationPortrait UIInterfaceOrientationPortraitUpsideDown";
				LD_RUNPATH_SEARCH_PATHS = (
					"$(inherited)",
					"@executable_path/Frameworks",
				);
				MARKETING_VERSION = 1.0;
				PRODUCT_BUNDLE_IDENTIFIER = jp.techacademy.masaki.ebiko.Jyanken;
				PRODUCT_NAME = "$(TARGET_NAME)";
				SUPPORTED_PLATFORMS = "iphoneos iphonesimulator";
				SUPPORTS_MACCATALYST = NO;
				SUPPORTS_MAC_DESIGNED_FOR_IPHONE_IPAD = NO;
				SWIFT_EMIT_LOC_STRINGS = YES;
				SWIFT_VERSION = 5.0;
				TARGETED_DEVICE_FAMILY = 1;
			};
			name = Release;
		};
/* End XCBuildConfiguration section */

/* Begin XCConfigurationList section */
		103B90412CDB0B55001A5569 /* Build configuration list for PBXProject "Jyanken" */ = {
			isa = XCConfigurationList;
			buildConfigurations = (
				103B90582CDB0B56001A5569 /* Debug */,
				103B90592CDB0B56001A5569 /* Release */,
			);
			defaultConfigurationIsVisible = 0;
			defaultConfigurationName = Release;
		};
		103B905A2CDB0B56001A5569 /* Build configuration list for PBXNativeTarget "Jyanken" */ = {
			isa = XCConfigurationList;
			buildConfigurations = (
				103B905B2CDB0B56001A5569 /* Debug */,
				103B905C2CDB0B56001A5569 /* Release */,
			);
			defaultConfigurationIsVisible = 0;
			defaultConfigurationName = Release;
		};
/* End XCConfigurationList section */
	};
	rootObject = 103B903E2CDB0B55001A5569 /* Project object */;
}
